
Microsoft Visual Studio Solution File, Format Version 12.00
# Visual Studio 15
VisualStudioVersion = 15.0.28307.329
MinimumVisualStudioVersion = 10.0.40219.1
Project("{FAE04EC0-301F-11D3-BF4B-00C04F79EFBC}") = "CSharpA1", "CSharpA1\CSharpA1.csproj", "{5EABC7E4-A846-4B66-B883-E71D5869DBF4}"
EndProject
Global
	GlobalSection(SolutionConfigurationPlatforms) = preSolution
		Debug|Any CPU = Debug|Any CPU
		Release|Any CPU = Release|Any CPU
	EndGlobalSection
	GlobalSection(ProjectConfigurationPlatforms) = postSolution
		{5EABC7E4-A846-4B66-B883-E71D5869DBF4}.Debug|Any CPU.ActiveCfg = Debug|Any CPU
		{5EABC7E4-A846-4B66-B883-E71D5869DBF4}.Debug|Any CPU.Build.0 = Debug|Any CPU
		{5EABC7E4-A846-4B66-B883-E71D5869DBF4}.Release|Any CPU.ActiveCfg = Release|Any CPU
		{5EABC7E4-A846-4B66-B883-E71D5869DBF4}.Release|Any CPU.Build.0 = Release|Any CPU
	EndGlobalSection
	GlobalSection(SolutionProperties) = preSolution
		HideSolutionNode = FALSE
	EndGlobalSection
	GlobalSection(ExtensibilityGlobals) = postSolution
		SolutionGuid = {133CCDA2-7AA1-4A23-87A4-0A5AFBDE1E2D}
	EndGlobalSection
EndGlobal
